// !$*UTF8*$!
{
	archiveVersion = 1;
	classes = {
	};
	objectVersion = 50;
	objects = {

/* Begin PBXBuildFile section */
		A39DD67022313EAA00D560BD /* AppDelegate.swift in Sources */ = {isa = PBXBuildFile; fileRef = A39DD66F22313EAA00D560BD /* AppDelegate.swift */; };
		A39DD67222313EAA00D560BD /* SelectedPersonVC.swift in Sources */ = {isa = PBXBuildFile; fileRef = A39DD67122313EAA00D560BD /* SelectedPersonVC.swift */; };
		A39DD67522313EAA00D560BD /* Main.storyboard in Resources */ = {isa = PBXBuildFile; fileRef = A39DD67322313EAA00D560BD /* Main.storyboard */; };
		A39DD67722313EAB00D560BD /* Assets.xcassets in Resources */ = {isa = PBXBuildFile; fileRef = A39DD67622313EAB00D560BD /* Assets.xcassets */; };
		A39DD67A22313EAB00D560BD /* LaunchScreen.storyboard in Resources */ = {isa = PBXBuildFile; fileRef = A39DD67822313EAB00D560BD /* LaunchScreen.storyboard */; };
		A39DD683223141B000D560BD /* Starjhol.ttf in Resources */ = {isa = PBXBuildFile; fileRef = A39DD681223141B000D560BD /* Starjhol.ttf */; };
		A39DD684223141B000D560BD /* Starjedi.ttf in Resources */ = {isa = PBXBuildFile; fileRef = A39DD682223141B000D560BD /* Starjedi.ttf */; };
		A39DD686223141BB00D560BD /* Starjout.ttf in Resources */ = {isa = PBXBuildFile; fileRef = A39DD685223141BB00D560BD /* Starjout.ttf */; };
/* End PBXBuildFile section */

/* Begin PBXFileReference section */
		A39DD66C22313EAA00D560BD /* StarTrivia.app */ = {isa = PBXFileReference; explicitFileType = wrapper.application; includeInIndex = 0; path = StarTrivia.app; sourceTree = BUILT_PRODUCTS_DIR; };
		A39DD66F22313EAA00D560BD /* AppDelegate.swift */ = {isa = PBXFileReference; lastKnownFileType = sourcecode.swift; path = AppDelegate.swift; sourceTree = "<group>"; };
		A39DD67122313EAA00D560BD /* SelectedPersonVC.swift */ = {isa = PBXFileReference; lastKnownFileType = sourcecode.swift; path = SelectedPersonVC.swift; sourceTree = "<group>"; };
		A39DD67422313EAA00D560BD /* Base */ = {isa = PBXFileReference; lastKnownFileType = file.storyboard; name = Base; path = Base.lproj/Main.storyboard; sourceTree = "<group>"; };
		A39DD67622313EAB00D560BD /* Assets.xcassets */ = {isa = PBXFileReference; lastKnownFileType = folder.assetcatalog; path = Assets.xcassets; sourceTree = "<group>"; };
		A39DD67922313EAB00D560BD /* Base */ = {isa = PBXFileReference; lastKnownFileType = file.storyboard; name = Base; path = Base.lproj/LaunchScreen.storyboard; sourceTree = "<group>"; };
		A39DD67B22313EAB00D560BD /* Info.plist */ = {isa = PBXFileReference; lastKnownFileType = text.plist.xml; path = Info.plist; sourceTree = "<group>"; };
		A39DD681223141B000D560BD /* Starjhol.ttf */ = {isa = PBXFileReference; lastKnownFileType = file; path = Starjhol.ttf; sourceTree = "<group>"; };
		A39DD682223141B000D560BD /* Starjedi.ttf */ = {isa = PBXFileReference; lastKnownFileType = file; path = Starjedi.ttf; sourceTree = "<group>"; };
		A39DD685223141BB00D560BD /* Starjout.ttf */ = {isa = PBXFileReference; lastKnownFileType = file; path = Starjout.ttf; sourceTree = "<group>"; };
/* End PBXFileReference section */

/* Begin PBXFrameworksBuildPhase section */
		A39DD66922313EAA00D560BD /* Frameworks */ = {
			isa = PBXFrameworksBuildPhase;
			buildActionMask = 2147483647;
			files = (
			);
			runOnlyForDeploymentPostprocessing = 0;
		};
/* End PBXFrameworksBuildPhase section */

/* Begin PBXGroup section */
		A39DD66322313EA900D560BD = {
			isa = PBXGroup;
			children = (
				A39DD66E22313EAA00D560BD /* StarTrivia */,
				A39DD66D22313EAA00D560BD /* Products */,
			);
			sourceTree = "<group>";
		};
		A39DD66D22313EAA00D560BD /* Products */ = {
			isa = PBXGroup;
			children = (
				A39DD66C22313EAA00D560BD /* StarTrivia.app */,
			);
			name = Products;
			sourceTree = "<group>";
		};
		A39DD66E22313EAA00D560BD /* StarTrivia */ = {
			isa = PBXGroup;
			children = (
				A39DD68B223141EE00D560BD /* Model */,
				A39DD68A223141E700D560BD /* View */,
				A39DD689223141DE00D560BD /* Controller */,
				A39DD66F22313EAA00D560BD /* AppDelegate.swift */,
				A39DD67122313EAA00D560BD /* SelectedPersonVC.swift */,
				A39DD688223141CE00D560BD /* Resources */,
				A39DD67322313EAA00D560BD /* Main.storyboard */,
				A39DD67622313EAB00D560BD /* Assets.xcassets */,
				A39DD67822313EAB00D560BD /* LaunchScreen.storyboard */,
				A39DD67B22313EAB00D560BD /* Info.plist */,
			);
			path = StarTrivia;
			sourceTree = "<group>";
		};
		A39DD687223141C000D560BD /* Fonts */ = {
			isa = PBXGroup;
			children = (
				A39DD682223141B000D560BD /* Starjedi.ttf */,
				A39DD685223141BB00D560BD /* Starjout.ttf */,
				A39DD681223141B000D560BD /* Starjhol.ttf */,
			);
			path = Fonts;
			sourceTree = "<group>";
		};
		A39DD688223141CE00D560BD /* Resources */ = {
			isa = PBXGroup;
			children = (
				A39DD687223141C000D560BD /* Fonts */,
			);
			path = Resources;
			sourceTree = "<group>";
		};
		A39DD689223141DE00D560BD /* Controller */ = {
			isa = PBXGroup;
			children = (
			);
			path = Controller;
			sourceTree = "<group>";
		};
		A39DD68A223141E700D560BD /* View */ = {
			isa = PBXGroup;
			children = (
			);
			path = View;
			sourceTree = "<group>";
		};
		A39DD68B223141EE00D560BD /* Model */ = {
			isa = PBXGroup;
			children = (
			);
			path = Model;
			sourceTree = "<group>";
		};
/* End PBXGroup section */

/* Begin PBXNativeTarget section */
		A39DD66B22313EAA00D560BD /* StarTrivia */ = {
			isa = PBXNativeTarget;
			buildConfigurationList = A39DD67E22313EAB00D560BD /* Build configuration list for PBXNativeTarget "StarTrivia" */;
			buildPhases = (
				A39DD66822313EAA00D560BD /* Sources */,
				A39DD66922313EAA00D560BD /* Frameworks */,
				A39DD66A22313EAA00D560BD /* Resources */,
			);
			buildRules = (
			);
			dependencies = (
			);
			name = StarTrivia;
			productName = StarTrivia;
			productReference = A39DD66C22313EAA00D560BD /* StarTrivia.app */;
			productType = "com.apple.product-type.application";
		};
/* End PBXNativeTarget section */

/* Begin PBXProject section */
		A39DD66422313EA900D560BD /* Project object */ = {
			isa = PBXProject;
			attributes = {
				LastSwiftUpdateCheck = 1010;
				LastUpgradeCheck = 1010;
				ORGANIZATIONNAME = "Nicholas Coggin";
				TargetAttributes = {
					A39DD66B22313EAA00D560BD = {
						CreatedOnToolsVersion = 10.1;
					};
				};
			};
			buildConfigurationList = A39DD66722313EA900D560BD /* Build configuration list for PBXProject "StarTrivia" */;
			compatibilityVersion = "Xcode 9.3";
			developmentRegion = en;
			hasScannedForEncodings = 0;
			knownRegions = (
				en,
				Base,
			);
			mainGroup = A39DD66322313EA900D560BD;
			productRefGroup = A39DD66D22313EAA00D560BD /* Products */;
			projectDirPath = "";
			projectRoot = "";
			targets = (
				A39DD66B22313EAA00D560BD /* StarTrivia */,
			);
		};
/* End PBXProject section */

/* Begin PBXResourcesBuildPhase section */
		A39DD66A22313EAA00D560BD /* Resources */ = {
			isa = PBXResourcesBuildPhase;
			buildActionMask = 2147483647;
			files = (
				A39DD67A22313EAB00D560BD /* LaunchScreen.storyboard in Resources */,
				A39DD67722313EAB00D560BD /* Assets.xcassets in Resources */,
				A39DD67522313EAA00D560BD /* Main.storyboard in Resources */,
				A39DD684223141B000D560BD /* Starjedi.ttf in Resources */,
				A39DD686223141BB00D560BD /* Starjout.ttf in Resources */,
				A39DD683223141B000D560BD /* Starjhol.ttf in Resources */,
			);
			runOnlyForDeploymentPostprocessing = 0;
		};
/* End PBXResourcesBuildPhase section */

/* Begin PBXSourcesBuildPhase section */
		A39DD66822313EAA00D560BD /* Sources */ = {
			isa = PBXSourcesBuildPhase;
			buildActionMask = 2147483647;
			files = (
				A39DD67222313EAA00D560BD /* SelectedPersonVC.swift in Sources */,
				A39DD67022313EAA00D560BD /* AppDelegate.swift in Sources */,
			);
			runOnlyForDeploymentPostprocessing = 0;
		};
/* End PBXSourcesBuildPhase section */

/* Begin PBXVariantGroup section */
		A39DD67322313EAA00D560BD /* Main.storyboard */ = {
			isa = PBXVariantGroup;
			children = (
				A39DD67422313EAA00D560BD /* Base */,
			);
			name = Main.storyboard;
			sourceTree = "<group>";
		};
		A39DD67822313EAB00D560BD /* LaunchScreen.storyboard */ = {
			isa = PBXVariantGroup;
			children = (
				A39DD67922313EAB00D560BD /* Base */,
			);
			name = LaunchScreen.storyboard;
			sourceTree = "<group>";
		};
/* End PBXVariantGroup section */

/* Begin XCBuildConfiguration section */
		A39DD67C22313EAB00D560BD /* Debug */ = {
			isa = XCBuildConfiguration;
			buildSettings = {
				ALWAYS_SEARCH_USER_PATHS = NO;
				CLANG_ANALYZER_NONNULL = YES;
				CLANG_ANALYZER_NUMBER_OBJECT_CONVERSION = YES_AGGRESSIVE;
				CLANG_CXX_LANGUAGE_STANDARD = "gnu++14";
				CLANG_CXX_LIBRARY = "libc++";
				CLANG_ENABLE_MODULES = YES;
				CLANG_ENABLE_OBJC_ARC = YES;
				CLANG_ENABLE_OBJC_WEAK = YES;
				CLANG_WARN_BLOCK_CAPTURE_AUTORELEASING = YES;
				CLANG_WARN_BOOL_CONVERSION = YES;
				CLANG_WARN_COMMA = YES;
				CLANG_WARN_CONSTANT_CONVERSION = YES;
				CLANG_WARN_DEPRECATED_OBJC_IMPLEMENTATIONS = YES;
				CLANG_WARN_DIRECT_OBJC_ISA_USAGE = YES_ERROR;
				CLANG_WARN_DOCUMENTATION_COMMENTS = YES;
				CLANG_WARN_EMPTY_BODY = YES;
				CLANG_WARN_ENUM_CONVERSION = YES;
				CLANG_WARN_INFINITE_RECURSION = YES;
				CLANG_WARN_INT_CONVERSION = YES;
				CLANG_WARN_NON_LITERAL_NULL_CONVERSION = YES;
				CLANG_WARN_OBJC_IMPLICIT_RETAIN_SELF = YES;
				CLANG_WARN_OBJC_LITERAL_CONVERSION = YES;
				CLANG_WARN_OBJC_ROOT_CLASS = YES_ERROR;
				CLANG_WARN_RANGE_LOOP_ANALYSIS = YES;
				CLANG_WARN_STRICT_PROTOTYPES = YES;
				CLANG_WARN_SUSPICIOUS_MOVE = YES;
				CLANG_WARN_UNGUARDED_AVAILABILITY = YES_AGGRESSIVE;
				CLANG_WARN_UNREACHABLE_CODE = YES;
				CLANG_WARN__DUPLICATE_METHOD_MATCH = YES;
				CODE_SIGN_IDENTITY = "iPhone Developer";
				COPY_PHASE_STRIP = NO;
				DEBUG_INFORMATION_FORMAT = dwarf;
				ENABLE_STRICT_OBJC_MSGSEND = YES;
				ENABLE_TESTABILITY = YES;
				GCC_C_LANGUAGE_STANDARD = gnu11;
				GCC_DYNAMIC_NO_PIC = NO;
				GCC_NO_COMMON_BLOCKS = YES;
				GCC_OPTIMIZATION_LEVEL = 0;
				GCC_PREPROCESSOR_DEFINITIONS = (
					"DEBUG=1",
					"$(inherited)",
				);
				GCC_WARN_64_TO_32_BIT_CONVERSION = YES;
				GCC_WARN_ABOUT_RETURN_TYPE = YES_ERROR;
				GCC_WARN_UNDECLARED_SELECTOR = YES;
				GCC_WARN_UNINITIALIZED_AUTOS = YES_AGGRESSIVE;
				GCC_WARN_UNUSED_FUNCTION = YES;
				GCC_WARN_UNUSED_VARIABLE = YES;
				IPHONEOS_DEPLOYMENT_TARGET = 12.1;
				MTL_ENABLE_DEBUG_INFO = INCLUDE_SOURCE;
				MTL_FAST_MATH = YES;
				ONLY_ACTIVE_ARCH = YES;
				SDKROOT = iphoneos;
				SWIFT_ACTIVE_COMPILATION_CONDITIONS = DEBUG;
				SWIFT_OPTIMIZATION_LEVEL = "-Onone";
			};
			name = Debug;
		};
		A39DD67D22313EAB00D560BD /* Release */ = {
			isa = XCBuildConfiguration;
			buildSettings = {
				ALWAYS_SEARCH_USER_PATHS = NO;
				CLANG_ANALYZER_NONNULL = YES;
				CLANG_ANALYZER_NUMBER_OBJECT_CONVERSION = YES_AGGRESSIVE;
				CLANG_CXX_LANGUAGE_STANDARD = "gnu++14";
				CLANG_CXX_LIBRARY = "libc++";
				CLANG_ENABLE_MODULES = YES;
				CLANG_ENABLE_OBJC_ARC = YES;
				CLANG_ENABLE_OBJC_WEAK = YES;
				CLANG_WARN_BLOCK_CAPTURE_AUTORELEASING = YES;
				CLANG_WARN_BOOL_CONVERSION = YES;
				CLANG_WARN_COMMA = YES;
				CLANG_WARN_CONSTANT_CONVERSION = YES;
				CLANG_WARN_DEPRECATED_OBJC_IMPLEMENTATIONS = YES;
				CLANG_WARN_DIRECT_OBJC_ISA_USAGE = YES_ERROR;
				CLANG_WARN_DOCUMENTATION_COMMENTS = YES;
				CLANG_WARN_EMPTY_BODY = YES;
				CLANG_WARN_ENUM_CONVERSION = YES;
				CLANG_WARN_INFINITE_RECURSION = YES;
				CLANG_WARN_INT_CONVERSION = YES;
				CLANG_WARN_NON_LITERAL_NULL_CONVERSION = YES;
				CLANG_WARN_OBJC_IMPLICIT_RETAIN_SELF = YES;
				CLANG_WARN_OBJC_LITERAL_CONVERSION = YES;
				CLANG_WARN_OBJC_ROOT_CLASS = YES_ERROR;
				CLANG_WARN_RANGE_LOOP_ANALYSIS = YES;
				CLANG_WARN_STRICT_PROTOTYPES = YES;
				CLANG_WARN_SUSPICIOUS_MOVE = YES;
				CLANG_WARN_UNGUARDED_AVAILABILITY = YES_AGGRESSIVE;
				CLANG_WARN_UNREACHABLE_CODE = YES;
				CLANG_WARN__DUPLICATE_METHOD_MATCH = YES;
				CODE_SIGN_IDENTITY = "iPhone Developer";
				COPY_PHASE_STRIP = NO;
				DEBUG_INFORMATION_FORMAT = "dwarf-with-dsym";
				ENABLE_NS_ASSERTIONS = NO;
				ENABLE_STRICT_OBJC_MSGSEND = YES;
				GCC_C_LANGUAGE_STANDARD = gnu11;
				GCC_NO_COMMON_BLOCKS = YES;
				GCC_WARN_64_TO_32_BIT_CONVERSION = YES;
				GCC_WARN_ABOUT_RETURN_TYPE = YES_ERROR;
				GCC_WARN_UNDECLARED_SELECTOR = YES;
				GCC_WARN_UNINITIALIZED_AUTOS = YES_AGGRESSIVE;
				GCC_WARN_UNUSED_FUNCTION = YES;
				GCC_WARN_UNUSED_VARIABLE = YES;
				IPHONEOS_DEPLOYMENT_TARGET = 12.1;
				MTL_ENABLE_DEBUG_INFO = NO;
				MTL_FAST_MATH = YES;
				SDKROOT = iphoneos;
				SWIFT_COMPILATION_MODE = wholemodule;
				SWIFT_OPTIMIZATION_LEVEL = "-O";
				VALIDATE_PRODUCT = YES;
			};
			name = Release;
		};
		A39DD67F22313EAB00D560BD /* Debug */ = {
			isa = XCBuildConfiguration;
			buildSettings = {
				ASSETCATALOG_COMPILER_APPICON_NAME = AppIcon;
				CODE_SIGN_STYLE = Automatic;
				DEVELOPMENT_TEAM = BVR98QBCX2;
				INFOPLIST_FILE = StarTrivia/Info.plist;
				LD_RUNPATH_SEARCH_PATHS = (
					"$(inherited)",
					"@executable_path/Frameworks",
				);
				PRODUCT_BUNDLE_IDENTIFIER = CogDev.StarTrivia;
				PRODUCT_NAME = "$(TARGET_NAME)";
				SWIFT_VERSION = 4.2;
				TARGETED_DEVICE_FAMILY = "1,2";
			};
			name = Debug;
		};
		A39DD68022313EAB00D560BD /* Release */ = {
			isa = XCBuildConfiguration;
			buildSettings = {
				ASSETCATALOG_COMPILER_APPICON_NAME = AppIcon;
				CODE_SIGN_STYLE = Automatic;
				DEVELOPMENT_TEAM = BVR98QBCX2;
				INFOPLIST_FILE = StarTrivia/Info.plist;
				LD_RUNPATH_SEARCH_PATHS = (
					"$(inherited)",
					"@executable_path/Frameworks",
				);
				PRODUCT_BUNDLE_IDENTIFIER = CogDev.StarTrivia;
				PRODUCT_NAME = "$(TARGET_NAME)";
				SWIFT_VERSION = 4.2;
				TARGETED_DEVICE_FAMILY = "1,2";
			};
			name = Release;
		};
/* End XCBuildConfiguration section */

/* Begin XCConfigurationList section */
		A39DD66722313EA900D560BD /* Build configuration list for PBXProject "StarTrivia" */ = {
			isa = XCConfigurationList;
			buildConfigurations = (
				A39DD67C22313EAB00D560BD /* Debug */,
				A39DD67D22313EAB00D560BD /* Release */,
			);
			defaultConfigurationIsVisible = 0;
			defaultConfigurationName = Release;
		};
		A39DD67E22313EAB00D560BD /* Build configuration list for PBXNativeTarget "StarTrivia" */ = {
			isa = XCConfigurationList;
			buildConfigurations = (
				A39DD67F22313EAB00D560BD /* Debug */,
				A39DD68022313EAB00D560BD /* Release */,
			);
			defaultConfigurationIsVisible = 0;
			defaultConfigurationName = Release;
		};
/* End XCConfigurationList section */
	};
	rootObject = A39DD66422313EA900D560BD /* Project object */;
}
